
Microsoft Visual Studio Solution File, Format Version 12.00
# Visual Studio Version 16
VisualStudioVersion = 16.0.29806.167
MinimumVisualStudioVersion = 10.0.40219.1
Project("{FAE04EC0-301F-11D3-BF4B-00C04F79EFBC}") = "SkipIntro", "QoL\SkipIntro\SkipIntro.csproj", "{C4FD3097-8303-4A61-9469-FE4E61CBB08A}"
EndProject
Project("{FAE04EC0-301F-11D3-BF4B-00C04F79EFBC}") = "FlatDifficulty", "Unpublished\FlatDifficulty\FlatDifficulty.csproj", "{663DC7C4-4351-44FF-9480-25BBB559D29A}"
EndProject
Project("{FAE04EC0-301F-11D3-BF4B-00C04F79EFBC}") = "DumpInfo", "Unpublished\DumpInfo\DumpInfo.csproj", "{9EB89B81-E091-492C-B029-48B04E9148A6}"
EndProject
Project("{FAE04EC0-301F-11D3-BF4B-00C04F79EFBC}") = "GlobeTweaks", "QoL\GlobeTweaks\GlobeTweaks.csproj", "{B0FC42AF-69AD-492E-80A9-846FFAA84979}"
EndProject
Project("{2150E333-8FDC-42A3-9474-1A3956D46DE8}") = "Solution Items", "Solution Items", "{F512792C-0335-4CB6-B4B3-B46E36234E13}"
	ProjectSection(SolutionItems) = preProject
		ZyAdvMod.cs = ZyAdvMod.cs
		ZyMod.cs = ZyMod.cs
	EndProjectSection
EndProject
Project("{FAE04EC0-301F-11D3-BF4B-00C04F79EFBC}") = "ScrapVehicles", "Geoscape\ScrapVehicle\ScrapVehicles.csproj", "{CC4DF468-A8D5-4588-BD92-8A06E9F0B3F3}"
EndProject
Project("{FAE04EC0-301F-11D3-BF4B-00C04F79EFBC}") = "DebugConsole", "Utilities\DebugConsole\DebugConsole.csproj", "{2AF49999-95E9-4282-B2B7-D72EC16425FC}"
EndProject
Global
	GlobalSection(SolutionConfigurationPlatforms) = preSolution
		Debug|Any CPU = Debug|Any CPU
		Release|Any CPU = Release|Any CPU
	EndGlobalSection
	GlobalSection(ProjectConfigurationPlatforms) = postSolution
		{C4FD3097-8303-4A61-9469-FE4E61CBB08A}.Debug|Any CPU.ActiveCfg = Debug|Any CPU
		{C4FD3097-8303-4A61-9469-FE4E61CBB08A}.Debug|Any CPU.Build.0 = Debug|Any CPU
		{C4FD3097-8303-4A61-9469-FE4E61CBB08A}.Release|Any CPU.ActiveCfg = Release|Any CPU
		{C4FD3097-8303-4A61-9469-FE4E61CBB08A}.Release|Any CPU.Build.0 = Release|Any CPU
		{663DC7C4-4351-44FF-9480-25BBB559D29A}.Debug|Any CPU.ActiveCfg = Debug|Any CPU
		{663DC7C4-4351-44FF-9480-25BBB559D29A}.Debug|Any CPU.Build.0 = Debug|Any CPU
		{663DC7C4-4351-44FF-9480-25BBB559D29A}.Release|Any CPU.ActiveCfg = Release|Any CPU
		{663DC7C4-4351-44FF-9480-25BBB559D29A}.Release|Any CPU.Build.0 = Release|Any CPU
		{9EB89B81-E091-492C-B029-48B04E9148A6}.Debug|Any CPU.ActiveCfg = Debug|Any CPU
		{9EB89B81-E091-492C-B029-48B04E9148A6}.Debug|Any CPU.Build.0 = Debug|Any CPU
		{9EB89B81-E091-492C-B029-48B04E9148A6}.Release|Any CPU.ActiveCfg = Release|Any CPU
		{9EB89B81-E091-492C-B029-48B04E9148A6}.Release|Any CPU.Build.0 = Release|Any CPU
		{B0FC42AF-69AD-492E-80A9-846FFAA84979}.Debug|Any CPU.ActiveCfg = Debug|Any CPU
		{B0FC42AF-69AD-492E-80A9-846FFAA84979}.Debug|Any CPU.Build.0 = Debug|Any CPU
		{B0FC42AF-69AD-492E-80A9-846FFAA84979}.Release|Any CPU.ActiveCfg = Release|Any CPU
		{B0FC42AF-69AD-492E-80A9-846FFAA84979}.Release|Any CPU.Build.0 = Release|Any CPU
		{CC4DF468-A8D5-4588-BD92-8A06E9F0B3F3}.Debug|Any CPU.ActiveCfg = Debug|Any CPU
		{CC4DF468-A8D5-4588-BD92-8A06E9F0B3F3}.Debug|Any CPU.Build.0 = Debug|Any CPU
		{CC4DF468-A8D5-4588-BD92-8A06E9F0B3F3}.Release|Any CPU.ActiveCfg = Release|Any CPU
		{CC4DF468-A8D5-4588-BD92-8A06E9F0B3F3}.Release|Any CPU.Build.0 = Release|Any CPU
		{2AF49999-95E9-4282-B2B7-D72EC16425FC}.Debug|Any CPU.ActiveCfg = Debug|Any CPU
		{2AF49999-95E9-4282-B2B7-D72EC16425FC}.Debug|Any CPU.Build.0 = Debug|Any CPU
		{2AF49999-95E9-4282-B2B7-D72EC16425FC}.Release|Any CPU.ActiveCfg = Release|Any CPU
		{2AF49999-95E9-4282-B2B7-D72EC16425FC}.Release|Any CPU.Build.0 = Release|Any CPU
	EndGlobalSection
	GlobalSection(SolutionProperties) = preSolution
		HideSolutionNode = FALSE
	EndGlobalSection
	GlobalSection(ExtensibilityGlobals) = postSolution
		SolutionGuid = {EF242FF4-3BB6-459D-BA64-EACC29BCBA96}
	EndGlobalSection
EndGlobal
