
Microsoft Visual Studio Solution File, Format Version 12.00
# Visual Studio 15
VisualStudioVersion = 15.0.28307.960
MinimumVisualStudioVersion = 10.0.40219.1
Project("{FAE04EC0-301F-11D3-BF4B-00C04F79EFBC}") = "MarkUnpowered", "MarkUnpowered\MarkUnpowered.csproj", "{964ECEDD-F829-431C-97D0-2430AC5D0EED}"
EndProject
Project("{FAE04EC0-301F-11D3-BF4B-00C04F79EFBC}") = "NoAutoUnpause", "NoAutoUnpause\NoAutoUnpause.csproj", "{35C67E36-FC51-436F-A425-1DB4A4415756}"
EndProject
Project("{FAE04EC0-301F-11D3-BF4B-00C04F79EFBC}") = "CenterOnNewBase", "CenterOnNewBase\CenterOnNewBase.csproj", "{137E8276-3B89-4E3C-BA91-F9B055258361}"
EndProject
Project("{FAE04EC0-301F-11D3-BF4B-00C04F79EFBC}") = "PauseOnHeal", "PauseOnHeal\PauseOnHeal.csproj", "{C41F3375-CDC3-4FCF-8DAF-F76C551753A1}"
EndProject
Global
	GlobalSection(SolutionConfigurationPlatforms) = preSolution
		Debug|Any CPU = Debug|Any CPU
		Release|Any CPU = Release|Any CPU
	EndGlobalSection
	GlobalSection(ProjectConfigurationPlatforms) = postSolution
		{964ECEDD-F829-431C-97D0-2430AC5D0EED}.Debug|Any CPU.ActiveCfg = Debug|Any CPU
		{964ECEDD-F829-431C-97D0-2430AC5D0EED}.Debug|Any CPU.Build.0 = Debug|Any CPU
		{964ECEDD-F829-431C-97D0-2430AC5D0EED}.Release|Any CPU.ActiveCfg = Release|Any CPU
		{964ECEDD-F829-431C-97D0-2430AC5D0EED}.Release|Any CPU.Build.0 = Release|Any CPU
		{35C67E36-FC51-436F-A425-1DB4A4415756}.Debug|Any CPU.ActiveCfg = Debug|Any CPU
		{35C67E36-FC51-436F-A425-1DB4A4415756}.Debug|Any CPU.Build.0 = Debug|Any CPU
		{35C67E36-FC51-436F-A425-1DB4A4415756}.Release|Any CPU.ActiveCfg = Release|Any CPU
		{35C67E36-FC51-436F-A425-1DB4A4415756}.Release|Any CPU.Build.0 = Release|Any CPU
		{137E8276-3B89-4E3C-BA91-F9B055258361}.Debug|Any CPU.ActiveCfg = Debug|Any CPU
		{137E8276-3B89-4E3C-BA91-F9B055258361}.Debug|Any CPU.Build.0 = Debug|Any CPU
		{137E8276-3B89-4E3C-BA91-F9B055258361}.Release|Any CPU.ActiveCfg = Release|Any CPU
		{137E8276-3B89-4E3C-BA91-F9B055258361}.Release|Any CPU.Build.0 = Release|Any CPU
		{C41F3375-CDC3-4FCF-8DAF-F76C551753A1}.Debug|Any CPU.ActiveCfg = Debug|Any CPU
		{C41F3375-CDC3-4FCF-8DAF-F76C551753A1}.Debug|Any CPU.Build.0 = Debug|Any CPU
		{C41F3375-CDC3-4FCF-8DAF-F76C551753A1}.Release|Any CPU.ActiveCfg = Release|Any CPU
		{C41F3375-CDC3-4FCF-8DAF-F76C551753A1}.Release|Any CPU.Build.0 = Release|Any CPU
	EndGlobalSection
	GlobalSection(SolutionProperties) = preSolution
		HideSolutionNode = FALSE
	EndGlobalSection
	GlobalSection(ExtensibilityGlobals) = postSolution
		SolutionGuid = {19CC9234-87FD-4FE9-8D90-09953D2B9FDB}
	EndGlobalSection
EndGlobal
